
Microsoft Visual Studio Solution File, Format Version 12.00
# Visual Studio 14
VisualStudioVersion = 14.0.23107.0
MinimumVisualStudioVersion = 10.0.40219.1
Project("{2150E333-8FDC-42A3-9474-1A3956D46DE8}") = "App", "App", "{396F638D-E39D-4E32-84BE-E6C325253CDF}"
EndProject
Project("{2150E333-8FDC-42A3-9474-1A3956D46DE8}") = "Lib", "Lib", "{8472D7B5-DF77-4326-888F-7BD769FDBDC4}"
EndProject
Project("{8BC9CEB8-8B4A-11D0-8D11-00A0C91BC942}") = "HelloWorld-LPC", "HelloWorld-LPC\HelloWorld.vcxproj", "{848EC5DA-816C-4946-ACBE-87C6AC6E1B39}"
EndProject
Project("{8BC9CEB8-8B4A-11D0-8D11-00A0C91BC942}") = "HelloWorld-Due", "HelloWorld-Due\HelloWorld-Due.vcxproj", "{627A46E9-1946-4D98-AB32-BA43F5EF9E34}"
EndProject
Project("{8BC9CEB8-8B4A-11D0-8D11-00A0C91BC942}") = "HelloWorld-STM32", "HelloWorld-STM32\HelloWorld-STM32.vcxproj", "{794DCF8C-1536-465D-A7F2-38EA0A85A7D3}"
EndProject
Global
	GlobalSection(SolutionConfigurationPlatforms) = preSolution
		Debug|x64 = Debug|x64
		Debug|x86 = Debug|x86
		Release|x64 = Release|x64
		Release|x86 = Release|x86
	EndGlobalSection
	GlobalSection(ProjectConfigurationPlatforms) = postSolution
		{848EC5DA-816C-4946-ACBE-87C6AC6E1B39}.Debug|x64.ActiveCfg = Debug|x64
		{848EC5DA-816C-4946-ACBE-87C6AC6E1B39}.Debug|x64.Build.0 = Debug|x64
		{848EC5DA-816C-4946-ACBE-87C6AC6E1B39}.Debug|x86.ActiveCfg = Debug|Win32
		{848EC5DA-816C-4946-ACBE-87C6AC6E1B39}.Debug|x86.Build.0 = Debug|Win32
		{848EC5DA-816C-4946-ACBE-87C6AC6E1B39}.Release|x64.ActiveCfg = Release|x64
		{848EC5DA-816C-4946-ACBE-87C6AC6E1B39}.Release|x64.Build.0 = Release|x64
		{848EC5DA-816C-4946-ACBE-87C6AC6E1B39}.Release|x86.ActiveCfg = Release|Win32
		{848EC5DA-816C-4946-ACBE-87C6AC6E1B39}.Release|x86.Build.0 = Release|Win32
		{627A46E9-1946-4D98-AB32-BA43F5EF9E34}.Debug|x64.ActiveCfg = Debug|x64
		{627A46E9-1946-4D98-AB32-BA43F5EF9E34}.Debug|x64.Build.0 = Debug|x64
		{627A46E9-1946-4D98-AB32-BA43F5EF9E34}.Debug|x86.ActiveCfg = Debug|Win32
		{627A46E9-1946-4D98-AB32-BA43F5EF9E34}.Debug|x86.Build.0 = Debug|Win32
		{627A46E9-1946-4D98-AB32-BA43F5EF9E34}.Release|x64.ActiveCfg = Release|x64
		{627A46E9-1946-4D98-AB32-BA43F5EF9E34}.Release|x64.Build.0 = Release|x64
		{627A46E9-1946-4D98-AB32-BA43F5EF9E34}.Release|x86.ActiveCfg = Release|Win32
		{627A46E9-1946-4D98-AB32-BA43F5EF9E34}.Release|x86.Build.0 = Release|Win32
		{794DCF8C-1536-465D-A7F2-38EA0A85A7D3}.Debug|x64.ActiveCfg = Debug|x64
		{794DCF8C-1536-465D-A7F2-38EA0A85A7D3}.Debug|x64.Build.0 = Debug|x64
		{794DCF8C-1536-465D-A7F2-38EA0A85A7D3}.Debug|x86.ActiveCfg = Debug|Win32
		{794DCF8C-1536-465D-A7F2-38EA0A85A7D3}.Debug|x86.Build.0 = Debug|Win32
		{794DCF8C-1536-465D-A7F2-38EA0A85A7D3}.Release|x64.ActiveCfg = Release|x64
		{794DCF8C-1536-465D-A7F2-38EA0A85A7D3}.Release|x64.Build.0 = Release|x64
		{794DCF8C-1536-465D-A7F2-38EA0A85A7D3}.Release|x86.ActiveCfg = Release|Win32
		{794DCF8C-1536-465D-A7F2-38EA0A85A7D3}.Release|x86.Build.0 = Release|Win32
	EndGlobalSection
	GlobalSection(SolutionProperties) = preSolution
		HideSolutionNode = FALSE
	EndGlobalSection
	GlobalSection(NestedProjects) = preSolution
		{848EC5DA-816C-4946-ACBE-87C6AC6E1B39} = {396F638D-E39D-4E32-84BE-E6C325253CDF}
		{627A46E9-1946-4D98-AB32-BA43F5EF9E34} = {396F638D-E39D-4E32-84BE-E6C325253CDF}
		{794DCF8C-1536-465D-A7F2-38EA0A85A7D3} = {396F638D-E39D-4E32-84BE-E6C325253CDF}
	EndGlobalSection
EndGlobal
